<?xml version="1.0" encoding="utf-8"?>
<Project ToolsVersion="4.0" xmlns="http://schemas.microsoft.com/developer/msbuild/2003">
  <ItemGroup>
    <Filter Include="Source Files">
      <UniqueIdentifier>{4FC737F1-C7A5-4376-A066-2A32D752A2FF}</UniqueIdentifier>
      <Extensions>cpp;c;cc;cxx;c++;cppm;ixx;def;odl;idl;hpj;bat;asm;asmx</Extensions>
    </Filter>
    <Filter Include="Header Files">
      <UniqueIdentifier>{93995380-89BD-4b04-88EB-625FBE52EBFB}</UniqueIdentifier>
      <Extensions>h;hh;hpp;hxx;h++;hm;inl;inc;ipp;xsd</Extensions>
    </Filter>
    <Filter Include="Resource Files">
      <UniqueIdentifier>{67DA6AB6-F800-4c08-8B7A-83BB121AAD01}</UniqueIdentifier>
      <Extensions>rc;ico;cur;bmp;dlg;rc2;rct;bin;rgs;gif;jpg;jpeg;jpe;resx;tiff;tif;png;wav;mfcribbon-ms</Extensions>
    </Filter>
    <Filter Include="Source Files\example">
      <UniqueIdentifier>{fc537c67-a947-4840-80e0-6fe3f3d5d460}</UniqueIdentifier>
    </Filter>
    <Filter Include="Header Files\include">
      <UniqueIdentifier>{b786d33e-710a-4a1c-bc48-a14f6d79399c}</UniqueIdentifier>
    </Filter>
    <Filter Include="Header Files\include\impl">
      <UniqueIdentifier>{0ce770cf-e2fa-429c-94f5-0e70835bed03}</UniqueIdentifier>
    </Filter>
    <Filter Include="Header Files\include\impl\internal">
      <UniqueIdentifier>{ec0b6550-a767-411d-9cea-1e33bcd63aab}</UniqueIdentifier>
    </Filter>
    <Filter Include="Header Files\include\impl\internal\codecs">
      <UniqueIdentifier>{e3af9391-bfab-4e35-aad7-0e5b8541ac1c}</UniqueIdentifier>
    </Filter>
    <Filter Include="Header Files\include\impl\internal\alloc">
      <UniqueIdentifier>{e83887a6-c73a-45ca-b224-45de8f660c74}</UniqueIdentifier>
    </Filter>
    <Filter Include="Header Files\include\detail">
      <UniqueIdentifier>{ab9e608c-0bf9-4e0a-8dfe-1e0a2e040718}</UniqueIdentifier>
    </Filter>
  </ItemGroup>
  <ItemGroup>
    <ClInclude Include="..\include\async_mqtt5\detail\async_mutex.hpp">
      <Filter>Header Files\include\detail</Filter>
    </ClInclude>
    <ClInclude Include="..\include\async_mqtt5\detail\async_traits.hpp">
      <Filter>Header Files\include\detail</Filter>
    </ClInclude>
    <ClInclude Include="..\include\async_mqtt5\detail\cancellable_handler.hpp">
      <Filter>Header Files\include\detail</Filter>
    </ClInclude>
    <ClInclude Include="..\include\async_mqtt5\detail\control_packet.hpp">
      <Filter>Header Files\include\detail</Filter>
    </ClInclude>
    <ClInclude Include="..\include\async_mqtt5\detail\internal_types.hpp">
      <Filter>Header Files\include\detail</Filter>
    </ClInclude>
    <ClInclude Include="..\include\async_mqtt5\detail\ring_buffer.hpp">
      <Filter>Header Files\include\detail</Filter>
    </ClInclude>
    <ClInclude Include="..\include\async_mqtt5\detail\spinlock.hpp">
      <Filter>Header Files\include\detail</Filter>
    </ClInclude>
    <ClInclude Include="..\include\async_mqtt5\impl\internal\alloc\memory.h">
      <Filter>Header Files\include\impl\internal\alloc</Filter>
    </ClInclude>
    <ClInclude Include="..\include\async_mqtt5\impl\internal\alloc\memory_resource.h">
      <Filter>Header Files\include\impl\internal\alloc</Filter>
    </ClInclude>
    <ClInclude Include="..\include\async_mqtt5\impl\internal\alloc\string.h">
      <Filter>Header Files\include\impl\internal\alloc</Filter>
    </ClInclude>
    <ClInclude Include="..\include\async_mqtt5\impl\internal\alloc\vector.h">
      <Filter>Header Files\include\impl\internal\alloc</Filter>
    </ClInclude>
    <ClInclude Include="..\include\async_mqtt5\impl\internal\codecs\base_decoders.hpp">
      <Filter>Header Files\include\impl\internal\codecs</Filter>
    </ClInclude>
    <ClInclude Include="..\include\async_mqtt5\impl\internal\codecs\base_encoders.hpp">
      <Filter>Header Files\include\impl\internal\codecs</Filter>
    </ClInclude>
    <ClInclude Include="..\include\async_mqtt5\impl\internal\codecs\message_decoders.hpp">
      <Filter>Header Files\include\impl\internal\codecs</Filter>
    </ClInclude>
    <ClInclude Include="..\include\async_mqtt5\impl\internal\codecs\message_encoders.hpp">
      <Filter>Header Files\include\impl\internal\codecs</Filter>
    </ClInclude>
    <ClInclude Include="..\include\async_mqtt5\impl\internal\codecs\traits.hpp">
      <Filter>Header Files\include\impl\internal\codecs</Filter>
    </ClInclude>
    <ClInclude Include="..\include\async_mqtt5\impl\assemble_op.hpp">
      <Filter>Header Files\include\impl</Filter>
    </ClInclude>
    <ClInclude Include="..\include\async_mqtt5\impl\async_sender.hpp">
      <Filter>Header Files\include\impl</Filter>
    </ClInclude>
    <ClInclude Include="..\include\async_mqtt5\impl\autoconnect_stream.hpp">
      <Filter>Header Files\include\impl</Filter>
    </ClInclude>
    <ClInclude Include="..\include\async_mqtt5\impl\client_service.hpp">
      <Filter>Header Files\include\impl</Filter>
    </ClInclude>
    <ClInclude Include="..\include\async_mqtt5\impl\connect_op.hpp">
      <Filter>Header Files\include\impl</Filter>
    </ClInclude>
    <ClInclude Include="..\include\async_mqtt5\impl\disconnect_op.hpp">
      <Filter>Header Files\include\impl</Filter>
    </ClInclude>
    <ClInclude Include="..\include\async_mqtt5\impl\endpoints.hpp">
      <Filter>Header Files\include\impl</Filter>
    </ClInclude>
    <ClInclude Include="..\include\async_mqtt5\impl\ping_op.hpp">
      <Filter>Header Files\include\impl</Filter>
    </ClInclude>
    <ClInclude Include="..\include\async_mqtt5\impl\publish_rec_op.hpp">
      <Filter>Header Files\include\impl</Filter>
    </ClInclude>
    <ClInclude Include="..\include\async_mqtt5\impl\publish_send_op.hpp">
      <Filter>Header Files\include\impl</Filter>
    </ClInclude>
    <ClInclude Include="..\include\async_mqtt5\impl\read_message_op.hpp">
      <Filter>Header Files\include\impl</Filter>
    </ClInclude>
    <ClInclude Include="..\include\async_mqtt5\impl\read_op.hpp">
      <Filter>Header Files\include\impl</Filter>
    </ClInclude>
    <ClInclude Include="..\include\async_mqtt5\impl\reconnect_op.hpp">
      <Filter>Header Files\include\impl</Filter>
    </ClInclude>
    <ClInclude Include="..\include\async_mqtt5\impl\replies.hpp">
      <Filter>Header Files\include\impl</Filter>
    </ClInclude>
    <ClInclude Include="..\include\async_mqtt5\impl\sentry_op.hpp">
      <Filter>Header Files\include\impl</Filter>
    </ClInclude>
    <ClInclude Include="..\include\async_mqtt5\impl\subscribe_op.hpp">
      <Filter>Header Files\include\impl</Filter>
    </ClInclude>
    <ClInclude Include="..\include\async_mqtt5\impl\unsubscribe_op.hpp">
      <Filter>Header Files\include\impl</Filter>
    </ClInclude>
    <ClInclude Include="..\include\async_mqtt5\impl\write_op.hpp">
      <Filter>Header Files\include\impl</Filter>
    </ClInclude>
    <ClInclude Include="..\include\async_mqtt5\property_types.hpp">
      <Filter>Header Files\include</Filter>
    </ClInclude>
    <ClInclude Include="..\include\async_mqtt5\types.hpp">
      <Filter>Header Files\include</Filter>
    </ClInclude>
    <ClInclude Include="..\include\async_mqtt5\error.hpp">
      <Filter>Header Files\include</Filter>
    </ClInclude>
    <ClInclude Include="..\include\mqtt_client.hpp">
      <Filter>Header Files\include</Filter>
    </ClInclude>
    <ClInclude Include="..\include\async_mqtt5.hpp">
      <Filter>Header Files</Filter>
    </ClInclude>
  </ItemGroup>
  <ItemGroup>
    <ClCompile Include="..\example\openssl-tls.cpp">
      <Filter>Source Files\example</Filter>
    </ClCompile>
    <ClCompile Include="..\example\tcp.cpp">
      <Filter>Source Files\example</Filter>
    </ClCompile>
    <ClCompile Include="..\example\websocket-tcp.cpp">
      <Filter>Source Files\example</Filter>
    </ClCompile>
    <ClCompile Include="..\example\websocket-tls.cpp">
      <Filter>Source Files\example</Filter>
    </ClCompile>
    <ClCompile Include="..\example\src\run_examples.cpp">
      <Filter>Source Files</Filter>
    </ClCompile>
  </ItemGroup>
</Project>